
Microsoft Visual Studio Solution File, Format Version 12.00
# Visual Studio Version 17
VisualStudioVersion = 17.10.35122.118
MinimumVisualStudioVersion = 10.0.40219.1
Project("{9A19103F-16F7-4668-BE54-9A1E7A4F7556}") = "PRN212_PROJECT", "PRN212_PROJECT\PRN212_PROJECT.csproj", "{63B409C5-7F36-4EB3-A2F1-17CFCD3ABEFF}"
EndProject
Global
	GlobalSection(SolutionConfigurationPlatforms) = preSolution
		Debug|Any CPU = Debug|Any CPU
		Release|Any CPU = Release|Any CPU
	EndGlobalSection
	GlobalSection(ProjectConfigurationPlatforms) = postSolution
		{63B409C5-7F36-4EB3-A2F1-17CFCD3ABEFF}.Debug|Any CPU.ActiveCfg = Debug|Any CPU
		{63B409C5-7F36-4EB3-A2F1-17CFCD3ABEFF}.Debug|Any CPU.Build.0 = Debug|Any CPU
		{63B409C5-7F36-4EB3-A2F1-17CFCD3ABEFF}.Release|Any CPU.ActiveCfg = Debug|Any CPU
		{63B409C5-7F36-4EB3-A2F1-17CFCD3ABEFF}.Release|Any CPU.Build.0 = Debug|Any CPU
	EndGlobalSection
	GlobalSection(SolutionProperties) = preSolution
		HideSolutionNode = FALSE
	EndGlobalSection
	GlobalSection(ExtensibilityGlobals) = postSolution
		SolutionGuid = {0C291FE1-487F-47FC-8850-6822CA736B6B}
	EndGlobalSection
EndGlobal
